
Microsoft Visual Studio Solution File, Format Version 12.00
# Visual Studio Version 16
VisualStudioVersion = 16.0.29920.165
MinimumVisualStudioVersion = 10.0.40219.1
Project("{888888A0-9F3D-457C-B088-3A5042F75D52}") = "DigitClassification", "DigitClassification\DigitClassification.pyproj", "{B4CB5A88-25A0-4F20-87FB-D9F08E6BB9EB}"
EndProject
Global
	GlobalSection(SolutionConfigurationPlatforms) = preSolution
		Debug|Any CPU = Debug|Any CPU
		Release|Any CPU = Release|Any CPU
	EndGlobalSection
	GlobalSection(ProjectConfigurationPlatforms) = postSolution
		{B4CB5A88-25A0-4F20-87FB-D9F08E6BB9EB}.Debug|Any CPU.ActiveCfg = Debug|Any CPU
		{B4CB5A88-25A0-4F20-87FB-D9F08E6BB9EB}.Release|Any CPU.ActiveCfg = Release|Any CPU
	EndGlobalSection
	GlobalSection(SolutionProperties) = preSolution
		HideSolutionNode = FALSE
	EndGlobalSection
	GlobalSection(ExtensibilityGlobals) = postSolution
		SolutionGuid = {96E990E3-08D1-4061-8B32-C55B07692029}
	EndGlobalSection
EndGlobal
